// !$*UTF8*$!
{
	archiveVersion = 1;
	classes = {
	};
	objectVersion = 50;
	objects = {

/* Begin PBXBuildFile section */
		E06BF215238FB3FB0048AF94 /* MissionView.swift in Sources */ = {isa = PBXBuildFile; fileRef = E06BF214238FB3FB0048AF94 /* MissionView.swift */; };
		E06BF217238FC1860048AF94 /* AstronautDetailView.swift in Sources */ = {isa = PBXBuildFile; fileRef = E06BF216238FC1860048AF94 /* AstronautDetailView.swift */; };
		E0CCED3F238F9BD100915ED5 /* AppDelegate.swift in Sources */ = {isa = PBXBuildFile; fileRef = E0CCED3E238F9BD100915ED5 /* AppDelegate.swift */; };
		E0CCED41238F9BD100915ED5 /* SceneDelegate.swift in Sources */ = {isa = PBXBuildFile; fileRef = E0CCED40238F9BD100915ED5 /* SceneDelegate.swift */; };
		E0CCED43238F9BD100915ED5 /* ContentView.swift in Sources */ = {isa = PBXBuildFile; fileRef = E0CCED42238F9BD100915ED5 /* ContentView.swift */; };
		E0CCED45238F9BD400915ED5 /* Assets.xcassets in Resources */ = {isa = PBXBuildFile; fileRef = E0CCED44238F9BD400915ED5 /* Assets.xcassets */; };
		E0CCED48238F9BD400915ED5 /* Preview Assets.xcassets in Resources */ = {isa = PBXBuildFile; fileRef = E0CCED47238F9BD400915ED5 /* Preview Assets.xcassets */; };
		E0CCED4B238F9BD400915ED5 /* LaunchScreen.storyboard in Resources */ = {isa = PBXBuildFile; fileRef = E0CCED49238F9BD400915ED5 /* LaunchScreen.storyboard */; };
		E0CCED54238F9FAB00915ED5 /* missions.json in Resources */ = {isa = PBXBuildFile; fileRef = E0CCED52238F9FAB00915ED5 /* missions.json */; };
		E0CCED55238F9FAB00915ED5 /* astronauts.json in Resources */ = {isa = PBXBuildFile; fileRef = E0CCED53238F9FAB00915ED5 /* astronauts.json */; };
		E0CCED57238F9FE200915ED5 /* Mission.swift in Sources */ = {isa = PBXBuildFile; fileRef = E0CCED56238F9FE200915ED5 /* Mission.swift */; };
		E0CCED5B238FA00E00915ED5 /* Astronaut.swift in Sources */ = {isa = PBXBuildFile; fileRef = E0CCED5A238FA00E00915ED5 /* Astronaut.swift */; };
		E0CCED5D238FA08800915ED5 /* Crew.swift in Sources */ = {isa = PBXBuildFile; fileRef = E0CCED5C238FA08800915ED5 /* Crew.swift */; };
		E0CCED60238FA0CD00915ED5 /* AstronautViewModel.swift in Sources */ = {isa = PBXBuildFile; fileRef = E0CCED5F238FA0CD00915ED5 /* AstronautViewModel.swift */; };
		E0CCED62238FA2E600915ED5 /* MissionViewModel.swift in Sources */ = {isa = PBXBuildFile; fileRef = E0CCED61238FA2E600915ED5 /* MissionViewModel.swift */; };
/* End PBXBuildFile section */

/* Begin PBXFileReference section */
		E06BF214238FB3FB0048AF94 /* MissionView.swift */ = {isa = PBXFileReference; lastKnownFileType = sourcecode.swift; path = MissionView.swift; sourceTree = "<group>"; };
		E06BF216238FC1860048AF94 /* AstronautDetailView.swift */ = {isa = PBXFileReference; lastKnownFileType = sourcecode.swift; path = AstronautDetailView.swift; sourceTree = "<group>"; };
		E0CCED3B238F9BD100915ED5 /* Moonshot.app */ = {isa = PBXFileReference; explicitFileType = wrapper.application; includeInIndex = 0; path = Moonshot.app; sourceTree = BUILT_PRODUCTS_DIR; };
		E0CCED3E238F9BD100915ED5 /* AppDelegate.swift */ = {isa = PBXFileReference; lastKnownFileType = sourcecode.swift; path = AppDelegate.swift; sourceTree = "<group>"; };
		E0CCED40238F9BD100915ED5 /* SceneDelegate.swift */ = {isa = PBXFileReference; lastKnownFileType = sourcecode.swift; path = SceneDelegate.swift; sourceTree = "<group>"; };
		E0CCED42238F9BD100915ED5 /* ContentView.swift */ = {isa = PBXFileReference; lastKnownFileType = sourcecode.swift; path = ContentView.swift; sourceTree = "<group>"; };
		E0CCED44238F9BD400915ED5 /* Assets.xcassets */ = {isa = PBXFileReference; lastKnownFileType = folder.assetcatalog; path = Assets.xcassets; sourceTree = "<group>"; };
		E0CCED47238F9BD400915ED5 /* Preview Assets.xcassets */ = {isa = PBXFileReference; lastKnownFileType = folder.assetcatalog; path = "Preview Assets.xcassets"; sourceTree = "<group>"; };
		E0CCED4A238F9BD400915ED5 /* Base */ = {isa = PBXFileReference; lastKnownFileType = file.storyboard; name = Base; path = Base.lproj/LaunchScreen.storyboard; sourceTree = "<group>"; };
		E0CCED4C238F9BD400915ED5 /* Info.plist */ = {isa = PBXFileReference; lastKnownFileType = text.plist.xml; path = Info.plist; sourceTree = "<group>"; };
		E0CCED52238F9FAB00915ED5 /* missions.json */ = {isa = PBXFileReference; fileEncoding = 4; lastKnownFileType = text.json; name = missions.json; path = "../../../../../GitHub/HackingWithSwift/SwiftUI/project8-files/missions.json"; sourceTree = "<group>"; };
		E0CCED53238F9FAB00915ED5 /* astronauts.json */ = {isa = PBXFileReference; fileEncoding = 4; lastKnownFileType = text.json; name = astronauts.json; path = "../../../../../GitHub/HackingWithSwift/SwiftUI/project8-files/astronauts.json"; sourceTree = "<group>"; };
		E0CCED56238F9FE200915ED5 /* Mission.swift */ = {isa = PBXFileReference; lastKnownFileType = sourcecode.swift; path = Mission.swift; sourceTree = "<group>"; };
		E0CCED5A238FA00E00915ED5 /* Astronaut.swift */ = {isa = PBXFileReference; lastKnownFileType = sourcecode.swift; path = Astronaut.swift; sourceTree = "<group>"; };
		E0CCED5C238FA08800915ED5 /* Crew.swift */ = {isa = PBXFileReference; lastKnownFileType = sourcecode.swift; path = Crew.swift; sourceTree = "<group>"; };
		E0CCED5F238FA0CD00915ED5 /* AstronautViewModel.swift */ = {isa = PBXFileReference; lastKnownFileType = sourcecode.swift; path = AstronautViewModel.swift; sourceTree = "<group>"; };
		E0CCED61238FA2E600915ED5 /* MissionViewModel.swift */ = {isa = PBXFileReference; lastKnownFileType = sourcecode.swift; path = MissionViewModel.swift; sourceTree = "<group>"; };
/* End PBXFileReference section */

/* Begin PBXFrameworksBuildPhase section */
		E0CCED38238F9BD100915ED5 /* Frameworks */ = {
			isa = PBXFrameworksBuildPhase;
			buildActionMask = 2147483647;
			files = (
			);
			runOnlyForDeploymentPostprocessing = 0;
		};
/* End PBXFrameworksBuildPhase section */

/* Begin PBXGroup section */
		E0CCED32238F9BD100915ED5 = {
			isa = PBXGroup;
			children = (
				E0CCED3D238F9BD100915ED5 /* Moonshot */,
				E0CCED3C238F9BD100915ED5 /* Products */,
			);
			sourceTree = "<group>";
		};
		E0CCED3C238F9BD100915ED5 /* Products */ = {
			isa = PBXGroup;
			children = (
				E0CCED3B238F9BD100915ED5 /* Moonshot.app */,
			);
			name = Products;
			sourceTree = "<group>";
		};
		E0CCED3D238F9BD100915ED5 /* Moonshot */ = {
			isa = PBXGroup;
			children = (
				E0CCED58238F9FEC00915ED5 /* Models */,
				E0CCED5E238FA0BF00915ED5 /* ViewModels */,
				E0CCED59238F9FFF00915ED5 /* View */,
				E0CCED3E238F9BD100915ED5 /* AppDelegate.swift */,
				E0CCED40238F9BD100915ED5 /* SceneDelegate.swift */,
				E0CCED44238F9BD400915ED5 /* Assets.xcassets */,
				E0CCED49238F9BD400915ED5 /* LaunchScreen.storyboard */,
				E0CCED4C238F9BD400915ED5 /* Info.plist */,
				E0CCED53238F9FAB00915ED5 /* astronauts.json */,
				E0CCED52238F9FAB00915ED5 /* missions.json */,
				E0CCED46238F9BD400915ED5 /* Preview Content */,
			);
			path = Moonshot;
			sourceTree = "<group>";
		};
		E0CCED46238F9BD400915ED5 /* Preview Content */ = {
			isa = PBXGroup;
			children = (
				E0CCED47238F9BD400915ED5 /* Preview Assets.xcassets */,
			);
			path = "Preview Content";
			sourceTree = "<group>";
		};
		E0CCED58238F9FEC00915ED5 /* Models */ = {
			isa = PBXGroup;
			children = (
				E0CCED56238F9FE200915ED5 /* Mission.swift */,
				E0CCED5A238FA00E00915ED5 /* Astronaut.swift */,
				E0CCED5C238FA08800915ED5 /* Crew.swift */,
			);
			path = Models;
			sourceTree = "<group>";
		};
		E0CCED59238F9FFF00915ED5 /* View */ = {
			isa = PBXGroup;
			children = (
				E0CCED42238F9BD100915ED5 /* ContentView.swift */,
				E06BF214238FB3FB0048AF94 /* MissionView.swift */,
				E06BF216238FC1860048AF94 /* AstronautDetailView.swift */,
			);
			path = View;
			sourceTree = "<group>";
		};
		E0CCED5E238FA0BF00915ED5 /* ViewModels */ = {
			isa = PBXGroup;
			children = (
				E0CCED5F238FA0CD00915ED5 /* AstronautViewModel.swift */,
				E0CCED61238FA2E600915ED5 /* MissionViewModel.swift */,
			);
			path = ViewModels;
			sourceTree = "<group>";
		};
/* End PBXGroup section */

/* Begin PBXNativeTarget section */
		E0CCED3A238F9BD100915ED5 /* Moonshot */ = {
			isa = PBXNativeTarget;
			buildConfigurationList = E0CCED4F238F9BD400915ED5 /* Build configuration list for PBXNativeTarget "Moonshot" */;
			buildPhases = (
				E0CCED37238F9BD100915ED5 /* Sources */,
				E0CCED38238F9BD100915ED5 /* Frameworks */,
				E0CCED39238F9BD100915ED5 /* Resources */,
			);
			buildRules = (
			);
			dependencies = (
			);
			name = Moonshot;
			productName = Moonshot;
			productReference = E0CCED3B238F9BD100915ED5 /* Moonshot.app */;
			productType = "com.apple.product-type.application";
		};
/* End PBXNativeTarget section */

/* Begin PBXProject section */
		E0CCED33238F9BD100915ED5 /* Project object */ = {
			isa = PBXProject;
			attributes = {
				LastSwiftUpdateCheck = 1120;
				LastUpgradeCheck = 1120;
				ORGANIZATIONNAME = "David Burghoff";
				TargetAttributes = {
					E0CCED3A238F9BD100915ED5 = {
						CreatedOnToolsVersion = 11.2.1;
					};
				};
			};
			buildConfigurationList = E0CCED36238F9BD100915ED5 /* Build configuration list for PBXProject "Moonshot" */;
			compatibilityVersion = "Xcode 9.3";
			developmentRegion = en;
			hasScannedForEncodings = 0;
			knownRegions = (
				en,
				Base,
			);
			mainGroup = E0CCED32238F9BD100915ED5;
			productRefGroup = E0CCED3C238F9BD100915ED5 /* Products */;
			projectDirPath = "";
			projectRoot = "";
			targets = (
				E0CCED3A238F9BD100915ED5 /* Moonshot */,
			);
		};
/* End PBXProject section */

/* Begin PBXResourcesBuildPhase section */
		E0CCED39238F9BD100915ED5 /* Resources */ = {
			isa = PBXResourcesBuildPhase;
			buildActionMask = 2147483647;
			files = (
				E0CCED4B238F9BD400915ED5 /* LaunchScreen.storyboard in Resources */,
				E0CCED48238F9BD400915ED5 /* Preview Assets.xcassets in Resources */,
				E0CCED54238F9FAB00915ED5 /* missions.json in Resources */,
				E0CCED55238F9FAB00915ED5 /* astronauts.json in Resources */,
				E0CCED45238F9BD400915ED5 /* Assets.xcassets in Resources */,
			);
			runOnlyForDeploymentPostprocessing = 0;
		};
/* End PBXResourcesBuildPhase section */

/* Begin PBXSourcesBuildPhase section */
		E0CCED37238F9BD100915ED5 /* Sources */ = {
			isa = PBXSourcesBuildPhase;
			buildActionMask = 2147483647;
			files = (
				E0CCED3F238F9BD100915ED5 /* AppDelegate.swift in Sources */,
				E0CCED41238F9BD100915ED5 /* SceneDelegate.swift in Sources */,
				E0CCED60238FA0CD00915ED5 /* AstronautViewModel.swift in Sources */,
				E06BF217238FC1860048AF94 /* AstronautDetailView.swift in Sources */,
				E0CCED5D238FA08800915ED5 /* Crew.swift in Sources */,
				E0CCED5B238FA00E00915ED5 /* Astronaut.swift in Sources */,
				E06BF215238FB3FB0048AF94 /* MissionView.swift in Sources */,
				E0CCED57238F9FE200915ED5 /* Mission.swift in Sources */,
				E0CCED43238F9BD100915ED5 /* ContentView.swift in Sources */,
				E0CCED62238FA2E600915ED5 /* MissionViewModel.swift in Sources */,
			);
			runOnlyForDeploymentPostprocessing = 0;
		};
/* End PBXSourcesBuildPhase section */

/* Begin PBXVariantGroup section */
		E0CCED49238F9BD400915ED5 /* LaunchScreen.storyboard */ = {
			isa = PBXVariantGroup;
			children = (
				E0CCED4A238F9BD400915ED5 /* Base */,
			);
			name = LaunchScreen.storyboard;
			sourceTree = "<group>";
		};
/* End PBXVariantGroup section */

/* Begin XCBuildConfiguration section */
		E0CCED4D238F9BD400915ED5 /* Debug */ = {
			isa = XCBuildConfiguration;
			buildSettings = {
				ALWAYS_SEARCH_USER_PATHS = NO;
				CLANG_ANALYZER_NONNULL = YES;
				CLANG_ANALYZER_NUMBER_OBJECT_CONVERSION = YES_AGGRESSIVE;
				CLANG_CXX_LANGUAGE_STANDARD = "gnu++14";
				CLANG_CXX_LIBRARY = "libc++";
				CLANG_ENABLE_MODULES = YES;
				CLANG_ENABLE_OBJC_ARC = YES;
				CLANG_ENABLE_OBJC_WEAK = YES;
				CLANG_WARN_BLOCK_CAPTURE_AUTORELEASING = YES;
				CLANG_WARN_BOOL_CONVERSION = YES;
				CLANG_WARN_COMMA = YES;
				CLANG_WARN_CONSTANT_CONVERSION = YES;
				CLANG_WARN_DEPRECATED_OBJC_IMPLEMENTATIONS = YES;
				CLANG_WARN_DIRECT_OBJC_ISA_USAGE = YES_ERROR;
				CLANG_WARN_DOCUMENTATION_COMMENTS = YES;
				CLANG_WARN_EMPTY_BODY = YES;
				CLANG_WARN_ENUM_CONVERSION = YES;
				CLANG_WARN_INFINITE_RECURSION = YES;
				CLANG_WARN_INT_CONVERSION = YES;
				CLANG_WARN_NON_LITERAL_NULL_CONVERSION = YES;
				CLANG_WARN_OBJC_IMPLICIT_RETAIN_SELF = YES;
				CLANG_WARN_OBJC_LITERAL_CONVERSION = YES;
				CLANG_WARN_OBJC_ROOT_CLASS = YES_ERROR;
				CLANG_WARN_RANGE_LOOP_ANALYSIS = YES;
				CLANG_WARN_STRICT_PROTOTYPES = YES;
				CLANG_WARN_SUSPICIOUS_MOVE = YES;
				CLANG_WARN_UNGUARDED_AVAILABILITY = YES_AGGRESSIVE;
				CLANG_WARN_UNREACHABLE_CODE = YES;
				CLANG_WARN__DUPLICATE_METHOD_MATCH = YES;
				COPY_PHASE_STRIP = NO;
				DEBUG_INFORMATION_FORMAT = dwarf;
				ENABLE_STRICT_OBJC_MSGSEND = YES;
				ENABLE_TESTABILITY = YES;
				GCC_C_LANGUAGE_STANDARD = gnu11;
				GCC_DYNAMIC_NO_PIC = NO;
				GCC_NO_COMMON_BLOCKS = YES;
				GCC_OPTIMIZATION_LEVEL = 0;
				GCC_PREPROCESSOR_DEFINITIONS = (
					"DEBUG=1",
					"$(inherited)",
				);
				GCC_WARN_64_TO_32_BIT_CONVERSION = YES;
				GCC_WARN_ABOUT_RETURN_TYPE = YES_ERROR;
				GCC_WARN_UNDECLARED_SELECTOR = YES;
				GCC_WARN_UNINITIALIZED_AUTOS = YES_AGGRESSIVE;
				GCC_WARN_UNUSED_FUNCTION = YES;
				GCC_WARN_UNUSED_VARIABLE = YES;
				IPHONEOS_DEPLOYMENT_TARGET = 13.2;
				MTL_ENABLE_DEBUG_INFO = INCLUDE_SOURCE;
				MTL_FAST_MATH = YES;
				ONLY_ACTIVE_ARCH = YES;
				SDKROOT = iphoneos;
				SWIFT_ACTIVE_COMPILATION_CONDITIONS = DEBUG;
				SWIFT_OPTIMIZATION_LEVEL = "-Onone";
			};
			name = Debug;
		};
		E0CCED4E238F9BD400915ED5 /* Release */ = {
			isa = XCBuildConfiguration;
			buildSettings = {
				ALWAYS_SEARCH_USER_PATHS = NO;
				CLANG_ANALYZER_NONNULL = YES;
				CLANG_ANALYZER_NUMBER_OBJECT_CONVERSION = YES_AGGRESSIVE;
				CLANG_CXX_LANGUAGE_STANDARD = "gnu++14";
				CLANG_CXX_LIBRARY = "libc++";
				CLANG_ENABLE_MODULES = YES;
				CLANG_ENABLE_OBJC_ARC = YES;
				CLANG_ENABLE_OBJC_WEAK = YES;
				CLANG_WARN_BLOCK_CAPTURE_AUTORELEASING = YES;
				CLANG_WARN_BOOL_CONVERSION = YES;
				CLANG_WARN_COMMA = YES;
				CLANG_WARN_CONSTANT_CONVERSION = YES;
				CLANG_WARN_DEPRECATED_OBJC_IMPLEMENTATIONS = YES;
				CLANG_WARN_DIRECT_OBJC_ISA_USAGE = YES_ERROR;
				CLANG_WARN_DOCUMENTATION_COMMENTS = YES;
				CLANG_WARN_EMPTY_BODY = YES;
				CLANG_WARN_ENUM_CONVERSION = YES;
				CLANG_WARN_INFINITE_RECURSION = YES;
				CLANG_WARN_INT_CONVERSION = YES;
				CLANG_WARN_NON_LITERAL_NULL_CONVERSION = YES;
				CLANG_WARN_OBJC_IMPLICIT_RETAIN_SELF = YES;
				CLANG_WARN_OBJC_LITERAL_CONVERSION = YES;
				CLANG_WARN_OBJC_ROOT_CLASS = YES_ERROR;
				CLANG_WARN_RANGE_LOOP_ANALYSIS = YES;
				CLANG_WARN_STRICT_PROTOTYPES = YES;
				CLANG_WARN_SUSPICIOUS_MOVE = YES;
				CLANG_WARN_UNGUARDED_AVAILABILITY = YES_AGGRESSIVE;
				CLANG_WARN_UNREACHABLE_CODE = YES;
				CLANG_WARN__DUPLICATE_METHOD_MATCH = YES;
				COPY_PHASE_STRIP = NO;
				DEBUG_INFORMATION_FORMAT = "dwarf-with-dsym";
				ENABLE_NS_ASSERTIONS = NO;
				ENABLE_STRICT_OBJC_MSGSEND = YES;
				GCC_C_LANGUAGE_STANDARD = gnu11;
				GCC_NO_COMMON_BLOCKS = YES;
				GCC_WARN_64_TO_32_BIT_CONVERSION = YES;
				GCC_WARN_ABOUT_RETURN_TYPE = YES_ERROR;
				GCC_WARN_UNDECLARED_SELECTOR = YES;
				GCC_WARN_UNINITIALIZED_AUTOS = YES_AGGRESSIVE;
				GCC_WARN_UNUSED_FUNCTION = YES;
				GCC_WARN_UNUSED_VARIABLE = YES;
				IPHONEOS_DEPLOYMENT_TARGET = 13.2;
				MTL_ENABLE_DEBUG_INFO = NO;
				MTL_FAST_MATH = YES;
				SDKROOT = iphoneos;
				SWIFT_COMPILATION_MODE = wholemodule;
				SWIFT_OPTIMIZATION_LEVEL = "-O";
				VALIDATE_PRODUCT = YES;
			};
			name = Release;
		};
		E0CCED50238F9BD400915ED5 /* Debug */ = {
			isa = XCBuildConfiguration;
			buildSettings = {
				ASSETCATALOG_COMPILER_APPICON_NAME = AppIcon;
				CODE_SIGN_STYLE = Automatic;
				DEVELOPMENT_ASSET_PATHS = "\"Moonshot/Preview Content\"";
				DEVELOPMENT_TEAM = 423H5C7Z2B;
				ENABLE_PREVIEWS = YES;
				INFOPLIST_FILE = Moonshot/Info.plist;
				LD_RUNPATH_SEARCH_PATHS = (
					"$(inherited)",
					"@executable_path/Frameworks",
				);
				PRODUCT_BUNDLE_IDENTIFIER = com.burghoff.david.Moonshot;
				PRODUCT_NAME = "$(TARGET_NAME)";
				SWIFT_VERSION = 5.0;
				TARGETED_DEVICE_FAMILY = "1,2";
			};
			name = Debug;
		};
		E0CCED51238F9BD400915ED5 /* Release */ = {
			isa = XCBuildConfiguration;
			buildSettings = {
				ASSETCATALOG_COMPILER_APPICON_NAME = AppIcon;
				CODE_SIGN_STYLE = Automatic;
				DEVELOPMENT_ASSET_PATHS = "\"Moonshot/Preview Content\"";
				DEVELOPMENT_TEAM = 423H5C7Z2B;
				ENABLE_PREVIEWS = YES;
				INFOPLIST_FILE = Moonshot/Info.plist;
				LD_RUNPATH_SEARCH_PATHS = (
					"$(inherited)",
					"@executable_path/Frameworks",
				);
				PRODUCT_BUNDLE_IDENTIFIER = com.burghoff.david.Moonshot;
				PRODUCT_NAME = "$(TARGET_NAME)";
				SWIFT_VERSION = 5.0;
				TARGETED_DEVICE_FAMILY = "1,2";
			};
			name = Release;
		};
/* End XCBuildConfiguration section */

/* Begin XCConfigurationList section */
		E0CCED36238F9BD100915ED5 /* Build configuration list for PBXProject "Moonshot" */ = {
			isa = XCConfigurationList;
			buildConfigurations = (
				E0CCED4D238F9BD400915ED5 /* Debug */,
				E0CCED4E238F9BD400915ED5 /* Release */,
			);
			defaultConfigurationIsVisible = 0;
			defaultConfigurationName = Release;
		};
		E0CCED4F238F9BD400915ED5 /* Build configuration list for PBXNativeTarget "Moonshot" */ = {
			isa = XCConfigurationList;
			buildConfigurations = (
				E0CCED50238F9BD400915ED5 /* Debug */,
				E0CCED51238F9BD400915ED5 /* Release */,
			);
			defaultConfigurationIsVisible = 0;
			defaultConfigurationName = Release;
		};
/* End XCConfigurationList section */
	};
	rootObject = E0CCED33238F9BD100915ED5 /* Project object */;
}
